# @generated by Move, please check-in and do not edit manually.

[move]
version = 2
manifest_digest = "FD46F78F8DAEC6B4A4A1459AFB49E6D9BC6265B1390166A8D5E746F418E8F6C0"
deps_digest = "F8BBB0CCB2491CA29A3DF03D6F92277A4F3574266507ACD77214D37ECA3F3082"
dependencies = [
  { name = "Sui" },
]

[[move.package]]
name = "MoveStdlib"
source = { local = "../../../sui/crates/sui-framework/packages/move-stdlib" }

[[move.package]]
name = "Sui"
source = { local = "../../../sui/crates/sui-framework/packages/sui-framework" }

dependencies = [
  { name = "MoveStdlib" },
]

[move.toolchain-version]
compiler-version = "1.27.2"
edition = "legacy"
flavor = "sui"

[env]

[env.devnet]
chain-id = "49fe5305"
original-published-id = "0x4c4a398df1ba62a9b1c54051a8de3dfee4780d0854e6d90fac362dae71a08d6f"
latest-published-id = "0x4c4a398df1ba62a9b1c54051a8de3dfee4780d0854e6d90fac362dae71a08d6f"
published-version = "1"
