# THIS IS AN AUTOGENERATED FILE. DO NOT EDIT THIS FILE DIRECTLY.
# yarn lockfile v1


"@mysten/bcs@0.7.1", "@mysten/bcs@latest":
  version "0.7.1"
  resolved "https://registry.yarnpkg.com/@mysten/bcs/-/bcs-0.7.1.tgz#e8db25718143e2a15688ea858470970b743f7248"
  integrity sha512-wFPb8bkhwrbiStfZMV5rFM7J+umpke59/dNjDp+UYJKykNlW23LCk2ePyEUvGdb62HGJM1jyOJ8g4egE3OmdKA==
  dependencies:
    bs58 "^5.0.0"

"@mysten/sui.js@0.35.1", "@mysten/sui.js@latest":
  version "0.35.1"
  resolved "https://registry.yarnpkg.com/@mysten/sui.js/-/sui.js-0.35.1.tgz#549cb937af21240938a0d19867f03d8995610e77"
  integrity sha512-1UQ65oJhO+G5Bt+EWYqMs5y3eqY1ZZxEdB2y4K+XJVeRZBOy32GjSLiYmZufUAR9o53gAlwAvvNRIzMzuiNQzw==
  dependencies:
    "@mysten/bcs" "0.7.1"
    "@noble/curves" "^1.0.0"
    "@noble/hashes" "^1.3.0"
    "@open-rpc/client-js" "^1.8.1"
    "@scure/bip32" "^1.3.0"
    "@scure/bip39" "^1.2.0"
    "@suchipi/femver" "^1.0.0"
    superstruct "^1.0.3"
    tweetnacl "^1.0.3"

"@mysten/wallet-adapter-base@0.7.9":
  version "0.7.9"
  resolved "https://registry.yarnpkg.com/@mysten/wallet-adapter-base/-/wallet-adapter-base-0.7.9.tgz#abdbb415eebe7110441983cc965315a0ec3f5967"
  integrity sha512-5ukbi59E/OObv0UPbgqQEh4L4wnFfuXnNt22oe9M/5EKwlQ/y82mtWRpPqEqfazPI2gVvtUyKLCf5uelA0aJIw==
  dependencies:
    "@mysten/sui.js" "0.35.1"
    "@mysten/wallet-standard" "0.5.9"

"@mysten/wallet-kit-core@latest":
  version "0.4.9"
  resolved "https://registry.yarnpkg.com/@mysten/wallet-kit-core/-/wallet-kit-core-0.4.9.tgz#5090d4cdd94a08c423b48cb7e1bd17d915be680e"
  integrity sha512-+QCgu0DoRgtx9UwvexMYyS+JGuCyInFJSilVQvzCdcTtwqah1oXg2MxNJ9YWIB0P/VOv/IFwumzpKCZj9eKMSA==
  dependencies:
    "@mysten/sui.js" "0.35.1"
    "@mysten/wallet-adapter-base" "0.7.9"
    "@mysten/wallet-standard" "0.5.9"

"@mysten/wallet-standard@0.5.9":
  version "0.5.9"
  resolved "https://registry.yarnpkg.com/@mysten/wallet-standard/-/wallet-standard-0.5.9.tgz#a623a1933e1db02147bcfb4cc1ad36ae396271cc"
  integrity sha512-il7pgizfhSrCEX4yVEZu/8f4rs6/FUTP72oX34jtNjAHbRtYaI+aFSuLg8G2D0BbPqPumAjOSfluQ6OVyJGLfQ==
  dependencies:
    "@mysten/sui.js" "0.35.1"
    "@wallet-standard/core" "1.0.3"

"@noble/curves@^1.0.0":
  version "1.1.0"
  resolved "https://registry.yarnpkg.com/@noble/curves/-/curves-1.1.0.tgz#f13fc667c89184bc04cccb9b11e8e7bae27d8c3d"
  integrity sha512-091oBExgENk/kGj3AZmtBDMpxQPDtxQABR2B9lb1JbVTs6ytdzZNwvhxQ4MWasRNEzlbEH8jCWFCwhF/Obj5AA==
  dependencies:
    "@noble/hashes" "1.3.1"

"@noble/curves@~1.0.0":
  version "1.0.0"
  resolved "https://registry.yarnpkg.com/@noble/curves/-/curves-1.0.0.tgz#e40be8c7daf088aaf291887cbc73f43464a92932"
  integrity sha512-2upgEu0iLiDVDZkNLeFV2+ht0BAVgQnEmCk6JsOch9Rp8xfkMCbvbAZlA2pBHQc73dbl+vFOXfqkf4uemdn0bw==
  dependencies:
    "@noble/hashes" "1.3.0"

"@noble/hashes@1.3.0":
  version "1.3.0"
  resolved "https://registry.yarnpkg.com/@noble/hashes/-/hashes-1.3.0.tgz#085fd70f6d7d9d109671090ccae1d3bec62554a1"
  integrity sha512-ilHEACi9DwqJB0pw7kv+Apvh50jiiSyR/cQ3y4W7lOR5mhvn/50FLUfsnfJz0BDZtl/RR16kXvptiv6q1msYZg==

"@noble/hashes@1.3.1", "@noble/hashes@^1.3.0", "@noble/hashes@~1.3.0":
  version "1.3.1"
  resolved "https://registry.yarnpkg.com/@noble/hashes/-/hashes-1.3.1.tgz#8831ef002114670c603c458ab8b11328406953a9"
  integrity sha512-EbqwksQwz9xDRGfDST86whPBgM65E0OH/pCgqW0GBVzO22bNE+NuIbeTb714+IfSjU3aRk47EUvXIb5bTsenKA==

"@open-rpc/client-js@^1.8.1":
  version "1.8.1"
  resolved "https://registry.yarnpkg.com/@open-rpc/client-js/-/client-js-1.8.1.tgz#73b5a5bf237f24b14c3c89205b1fca3aea213213"
  integrity sha512-vV+Hetl688nY/oWI9IFY0iKDrWuLdYhf7OIKI6U1DcnJV7r4gAgwRJjEr1QVYszUc0gjkHoQJzqevmXMGLyA0g==
  dependencies:
    isomorphic-fetch "^3.0.0"
    isomorphic-ws "^5.0.0"
    strict-event-emitter-types "^2.0.0"
    ws "^7.0.0"

"@scure/base@~1.1.0":
  version "1.1.1"
  resolved "https://registry.yarnpkg.com/@scure/base/-/base-1.1.1.tgz#ebb651ee52ff84f420097055f4bf46cfba403938"
  integrity sha512-ZxOhsSyxYwLJj3pLZCefNitxsj093tb2vq90mp2txoYeBqbcjDjqFhyM8eUjq/uFm6zJ+mUuqxlS2FkuSY1MTA==

"@scure/bip32@^1.3.0":
  version "1.3.0"
  resolved "https://registry.yarnpkg.com/@scure/bip32/-/bip32-1.3.0.tgz#6c8d980ef3f290987736acd0ee2e0f0d50068d87"
  integrity sha512-bcKpo1oj54hGholplGLpqPHRbIsnbixFtc06nwuNM5/dwSXOq/AAYoIBRsBmnZJSdfeNW5rnff7NTAz3ZCqR9Q==
  dependencies:
    "@noble/curves" "~1.0.0"
    "@noble/hashes" "~1.3.0"
    "@scure/base" "~1.1.0"

"@scure/bip39@^1.2.0":
  version "1.2.0"
  resolved "https://registry.yarnpkg.com/@scure/bip39/-/bip39-1.2.0.tgz#a207e2ef96de354de7d0002292ba1503538fc77b"
  integrity sha512-SX/uKq52cuxm4YFXWFaVByaSHJh2w3BnokVSeUJVCv6K7WulT9u2BuNRBhuFl8vAuYnzx9bEu9WgpcNYTrYieg==
  dependencies:
    "@noble/hashes" "~1.3.0"
    "@scure/base" "~1.1.0"

"@suchipi/femver@^1.0.0":
  version "1.0.0"
  resolved "https://registry.yarnpkg.com/@suchipi/femver/-/femver-1.0.0.tgz#4909dcc069695e07bd23a64c4bfe411d11d9692f"
  integrity sha512-bprE8+K5V+DPX7q2e2K57ImqNBdfGHDIWaGI5xHxZoxbKOuQZn4wzPiUxOAHnsUr3w3xHrWXwN7gnG/iIuEMIg==

"@wallet-standard/app@^1.0.1":
  version "1.0.1"
  resolved "https://registry.yarnpkg.com/@wallet-standard/app/-/app-1.0.1.tgz#f83c3ae887f7fb52497a7b259bba734ae10a2994"
  integrity sha512-LnLYq2Vy2guTZ8GQKKSXQK3+FRGPil75XEdkZqE6fiLixJhZJoJa5hT7lXxwe0ykVTt9LEThdTbOpT7KadS26Q==
  dependencies:
    "@wallet-standard/base" "^1.0.1"

"@wallet-standard/base@^1.0.1":
  version "1.0.1"
  resolved "https://registry.yarnpkg.com/@wallet-standard/base/-/base-1.0.1.tgz#860dd94d47c9e3c5c43b79d91c6afdbd7a36264e"
  integrity sha512-1To3ekMfzhYxe0Yhkpri+Fedq0SYcfrOfJi3vbLjMwF2qiKPjTGLwZkf2C9ftdQmxES+hmxhBzTwF4KgcOwf8w==

"@wallet-standard/core@1.0.3":
  version "1.0.3"
  resolved "https://registry.yarnpkg.com/@wallet-standard/core/-/core-1.0.3.tgz#3b6743e207ca4e1e725ae20f1838b400fb0694ff"
  integrity sha512-Jb33IIjC1wM1HoKkYD7xQ6d6PZ8EmMZvyc8R7dFgX66n/xkvksVTW04g9yLvQXrLFbcIjHrCxW6TXMhvpsAAzg==
  dependencies:
    "@wallet-standard/app" "^1.0.1"
    "@wallet-standard/base" "^1.0.1"
    "@wallet-standard/features" "^1.0.3"
    "@wallet-standard/wallet" "^1.0.1"

"@wallet-standard/features@^1.0.3":
  version "1.0.3"
  resolved "https://registry.yarnpkg.com/@wallet-standard/features/-/features-1.0.3.tgz#c992876c5e4f7a0672f8869c4146c87e0dfe48c8"
  integrity sha512-m8475I6W5LTatTZuUz5JJNK42wFRgkJTB0I9tkruMwfqBF2UN2eomkYNVf9RbrsROelCRzSFmugqjKZBFaubsA==
  dependencies:
    "@wallet-standard/base" "^1.0.1"

"@wallet-standard/wallet@^1.0.1":
  version "1.0.1"
  resolved "https://registry.yarnpkg.com/@wallet-standard/wallet/-/wallet-1.0.1.tgz#95438941a2a1ee12a794444357b59d53e19b374c"
  integrity sha512-qkhJeuQU2afQTZ02yMZE5SFc91Fo3hyFjFkpQglHudENNyiSG0oUKcIjky8X32xVSaumgTZSQUAzpXnCTWHzKQ==
  dependencies:
    "@wallet-standard/base" "^1.0.1"

base-x@^4.0.0:
  version "4.0.0"
  resolved "https://registry.yarnpkg.com/base-x/-/base-x-4.0.0.tgz#d0e3b7753450c73f8ad2389b5c018a4af7b2224a"
  integrity sha512-FuwxlW4H5kh37X/oW59pwTzzTKRzfrrQwhmyspRM7swOEZcHtDZSCt45U6oKgtuFE+WYPblePMVIPR4RZrh/hw==

bs58@^5.0.0:
  version "5.0.0"
  resolved "https://registry.yarnpkg.com/bs58/-/bs58-5.0.0.tgz#865575b4d13c09ea2a84622df6c8cbeb54ffc279"
  integrity sha512-r+ihvQJvahgYT50JD05dyJNKlmmSlMoOGwn1lCcEzanPglg7TxYjioQUYehQ9mAR/+hOSd2jRc/Z2y5UxBymvQ==
  dependencies:
    base-x "^4.0.0"

isomorphic-fetch@^3.0.0:
  version "3.0.0"
  resolved "https://registry.yarnpkg.com/isomorphic-fetch/-/isomorphic-fetch-3.0.0.tgz#0267b005049046d2421207215d45d6a262b8b8b4"
  integrity sha512-qvUtwJ3j6qwsF3jLxkZ72qCgjMysPzDfeV240JHiGZsANBYd+EEuu35v7dfrJ9Up0Ak07D7GGSkGhCHTqg/5wA==
  dependencies:
    node-fetch "^2.6.1"
    whatwg-fetch "^3.4.1"

isomorphic-ws@^5.0.0:
  version "5.0.0"
  resolved "https://registry.yarnpkg.com/isomorphic-ws/-/isomorphic-ws-5.0.0.tgz#e5529148912ecb9b451b46ed44d53dae1ce04bbf"
  integrity sha512-muId7Zzn9ywDsyXgTIafTry2sV3nySZeUDe6YedVd1Hvuuep5AsIlqK+XefWpYTyJG5e503F2xIuT2lcU6rCSw==

node-fetch@^2.6.1:
  version "2.6.11"
  resolved "https://registry.yarnpkg.com/node-fetch/-/node-fetch-2.6.11.tgz#cde7fc71deef3131ef80a738919f999e6edfff25"
  integrity sha512-4I6pdBY1EthSqDmJkiNk3JIT8cswwR9nfeW/cPdUagJYEQG7R95WRH74wpz7ma8Gh/9dI9FP+OU+0E4FvtA55w==
  dependencies:
    whatwg-url "^5.0.0"

strict-event-emitter-types@^2.0.0:
  version "2.0.0"
  resolved "https://registry.yarnpkg.com/strict-event-emitter-types/-/strict-event-emitter-types-2.0.0.tgz#05e15549cb4da1694478a53543e4e2f4abcf277f"
  integrity sha512-Nk/brWYpD85WlOgzw5h173aci0Teyv8YdIAEtV+N88nDB0dLlazZyJMIsN6eo1/AR61l+p6CJTG1JIyFaoNEEA==

superstruct@^1.0.3:
  version "1.0.3"
  resolved "https://registry.yarnpkg.com/superstruct/-/superstruct-1.0.3.tgz#de626a5b49c6641ff4d37da3c7598e7a87697046"
  integrity sha512-8iTn3oSS8nRGn+C2pgXSKPI3jmpm6FExNazNpjvqS6ZUJQCej3PUXEKM8NjHBOs54ExM+LPW/FBRhymrdcCiSg==

tr46@~0.0.3:
  version "0.0.3"
  resolved "https://registry.yarnpkg.com/tr46/-/tr46-0.0.3.tgz#8184fd347dac9cdc185992f3a6622e14b9d9ab6a"
  integrity sha512-N3WMsuqV66lT30CrXNbEjx4GEwlow3v6rr4mCcv6prnfwhS01rkgyFdjPNBYd9br7LpXV1+Emh01fHnq2Gdgrw==

tweetnacl@^1.0.3:
  version "1.0.3"
  resolved "https://registry.yarnpkg.com/tweetnacl/-/tweetnacl-1.0.3.tgz#ac0af71680458d8a6378d0d0d050ab1407d35596"
  integrity sha512-6rt+RN7aOi1nGMyC4Xa5DdYiukl2UWCbcJft7YhxReBGQD7OAM8Pbxw6YMo4r2diNEA8FEmu32YOn9rhaiE5yw==

typescript@^4.0.0:
  version "4.9.5"
  resolved "https://registry.yarnpkg.com/typescript/-/typescript-4.9.5.tgz#095979f9bcc0d09da324d58d03ce8f8374cbe65a"
  integrity sha512-1FXk9E2Hm+QzZQ7z+McJiHL4NW1F2EzMu9Nq9i3zAaGqibafqYwCVU6WyWAuyQRRzOlxou8xZSyXLEN8oKj24g==

webidl-conversions@^3.0.0:
  version "3.0.1"
  resolved "https://registry.yarnpkg.com/webidl-conversions/-/webidl-conversions-3.0.1.tgz#24534275e2a7bc6be7bc86611cc16ae0a5654871"
  integrity sha512-2JAn3z8AR6rjK8Sm8orRC0h/bcl/DqL7tRPdGZ4I1CjdF+EaMLmYxBHyXuKL849eucPFhvBoxMsflfOb8kxaeQ==

whatwg-fetch@^3.4.1:
  version "3.6.2"
  resolved "https://registry.yarnpkg.com/whatwg-fetch/-/whatwg-fetch-3.6.2.tgz#dced24f37f2624ed0281725d51d0e2e3fe677f8c"
  integrity sha512-bJlen0FcuU/0EMLrdbJ7zOnW6ITZLrZMIarMUVmdKtsGvZna8vxKYaexICWPfZ8qwf9fzNq+UEIZrnSaApt6RA==

whatwg-url@^5.0.0:
  version "5.0.0"
  resolved "https://registry.yarnpkg.com/whatwg-url/-/whatwg-url-5.0.0.tgz#966454e8765462e37644d3626f6742ce8b70965d"
  integrity sha512-saE57nupxk6v3HY35+jzBwYa0rKSy0XR8JSxZPwgLr7ys0IBzhGviA1/TUGJLmSVqs8pb9AnvICXEuOHLprYTw==
  dependencies:
    tr46 "~0.0.3"
    webidl-conversions "^3.0.0"

ws@^7.0.0:
  version "7.5.9"
  resolved "https://registry.yarnpkg.com/ws/-/ws-7.5.9.tgz#54fa7db29f4c7cec68b1ddd3a89de099942bb591"
  integrity sha512-F+P9Jil7UiSKSkppIiD94dN07AwvFixvLIj1Og1Rl9GGMuNipJnV9JzjD6XuqmAeiswGvUmNLjr5cFuXwNS77Q==
